
Microsoft Visual Studio Solution File, Format Version 12.00
# Visual Studio Version 16
VisualStudioVersion = 16.0.30011.22
MinimumVisualStudioVersion = 10.0.40219.1
Project("{8BC9CEB8-8B4A-11D0-8D11-00A0C91BC942}") = "Vishka dopusk 1chast", "Vishka dopusk 1chast\Vishka dopusk 1chast.vcxproj", "{996B9692-FD84-4B48-A96A-3DE9BD685827}"
EndProject
Global
	GlobalSection(SolutionConfigurationPlatforms) = preSolution
		Debug|x64 = Debug|x64
		Debug|x86 = Debug|x86
		Release|x64 = Release|x64
		Release|x86 = Release|x86
	EndGlobalSection
	GlobalSection(ProjectConfigurationPlatforms) = postSolution
		{996B9692-FD84-4B48-A96A-3DE9BD685827}.Debug|x64.ActiveCfg = Debug|x64
		{996B9692-FD84-4B48-A96A-3DE9BD685827}.Debug|x64.Build.0 = Debug|x64
		{996B9692-FD84-4B48-A96A-3DE9BD685827}.Debug|x86.ActiveCfg = Debug|Win32
		{996B9692-FD84-4B48-A96A-3DE9BD685827}.Debug|x86.Build.0 = Debug|Win32
		{996B9692-FD84-4B48-A96A-3DE9BD685827}.Release|x64.ActiveCfg = Release|x64
		{996B9692-FD84-4B48-A96A-3DE9BD685827}.Release|x64.Build.0 = Release|x64
		{996B9692-FD84-4B48-A96A-3DE9BD685827}.Release|x86.ActiveCfg = Release|Win32
		{996B9692-FD84-4B48-A96A-3DE9BD685827}.Release|x86.Build.0 = Release|Win32
	EndGlobalSection
	GlobalSection(SolutionProperties) = preSolution
		HideSolutionNode = FALSE
	EndGlobalSection
	GlobalSection(ExtensibilityGlobals) = postSolution
		SolutionGuid = {F4CBAF0D-B8A1-49C0-B60A-9574158A1156}
	EndGlobalSection
EndGlobal
